
Microsoft Visual Studio Solution File, Format Version 12.00
# Visual Studio 14
VisualStudioVersion = 14.0.23107.0
MinimumVisualStudioVersion = 10.0.40219.1
Project("{E24C65DC-7377-472B-9ABA-BC803B73C61A}") = "Acc_Manager", "..\Acc_Manager", "{650956F6-76A7-4B70-BA68-953733AE46E2}"
	ProjectSection(WebsiteProperties) = preProject
		TargetFrameworkMoniker = ".NETFramework,Version%3Dv4.5.2"
		Debug.AspNetCompiler.VirtualPath = "/localhost_54059"
		Debug.AspNetCompiler.PhysicalPath = "..\Acc_Manager\"
		Debug.AspNetCompiler.TargetPath = "PrecompiledWeb\localhost_54059\"
		Debug.AspNetCompiler.Updateable = "true"
		Debug.AspNetCompiler.ForceOverwrite = "true"
		Debug.AspNetCompiler.FixedNames = "false"
		Debug.AspNetCompiler.Debug = "True"
		Release.AspNetCompiler.VirtualPath = "/localhost_54059"
		Release.AspNetCompiler.PhysicalPath = "..\Acc_Manager\"
		Release.AspNetCompiler.TargetPath = "PrecompiledWeb\localhost_54059\"
		Release.AspNetCompiler.Updateable = "true"
		Release.AspNetCompiler.ForceOverwrite = "true"
		Release.AspNetCompiler.FixedNames = "false"
		Release.AspNetCompiler.Debug = "False"
		VWDPort = "54059"
		SlnRelativePath = "..\Acc_Manager\"
		DefaultWebSiteLanguage = "Visual C#"
	EndProjectSection
EndProject
Global
	GlobalSection(SolutionConfigurationPlatforms) = preSolution
		Debug|Any CPU = Debug|Any CPU
	EndGlobalSection
	GlobalSection(ProjectConfigurationPlatforms) = postSolution
		{650956F6-76A7-4B70-BA68-953733AE46E2}.Debug|Any CPU.ActiveCfg = Debug|Any CPU
		{650956F6-76A7-4B70-BA68-953733AE46E2}.Debug|Any CPU.Build.0 = Debug|Any CPU
	EndGlobalSection
	GlobalSection(SolutionProperties) = preSolution
		HideSolutionNode = FALSE
	EndGlobalSection
EndGlobal
